
Microsoft Visual Studio Solution File, Format Version 12.00
# Visual Studio Version 17
VisualStudioVersion = 17.5.33502.453
MinimumVisualStudioVersion = 10.0.40219.1
Project("{FAE04EC0-301F-11D3-BF4B-00C04F79EFBC}") = "BigSchool_ThWeb", "BigSchool_ThWeb\BigSchool_ThWeb.csproj", "{D52BFEDA-3120-45E3-B861-DE2C5D068698}"
EndProject
Global
	GlobalSection(SolutionConfigurationPlatforms) = preSolution
		Debug|Any CPU = Debug|Any CPU
		Release|Any CPU = Release|Any CPU
	EndGlobalSection
	GlobalSection(ProjectConfigurationPlatforms) = postSolution
		{D52BFEDA-3120-45E3-B861-DE2C5D068698}.Debug|Any CPU.ActiveCfg = Debug|Any CPU
		{D52BFEDA-3120-45E3-B861-DE2C5D068698}.Debug|Any CPU.Build.0 = Debug|Any CPU
		{D52BFEDA-3120-45E3-B861-DE2C5D068698}.Release|Any CPU.ActiveCfg = Release|Any CPU
		{D52BFEDA-3120-45E3-B861-DE2C5D068698}.Release|Any CPU.Build.0 = Release|Any CPU
	EndGlobalSection
	GlobalSection(SolutionProperties) = preSolution
		HideSolutionNode = FALSE
	EndGlobalSection
	GlobalSection(ExtensibilityGlobals) = postSolution
		SolutionGuid = {64453A4F-E019-48F3-BBCB-4F666ACEDEE4}
	EndGlobalSection
EndGlobal
